
Microsoft Visual Studio Solution File, Format Version 12.00
# Visual Studio Version 17
VisualStudioVersion = 17.4.33213.308
MinimumVisualStudioVersion = 10.0.40219.1
Project("{FAE04EC0-301F-11D3-BF4B-00C04F79EFBC}") = "my-books", "my-books\my-books.csproj", "{FF9A802C-0709-4CBA-98E9-75B72ADB43D6}"
EndProject
Global
	GlobalSection(SolutionConfigurationPlatforms) = preSolution
		Debug|Any CPU = Debug|Any CPU
		Release|Any CPU = Release|Any CPU
	EndGlobalSection
	GlobalSection(ProjectConfigurationPlatforms) = postSolution
		{FF9A802C-0709-4CBA-98E9-75B72ADB43D6}.Debug|Any CPU.ActiveCfg = Debug|Any CPU
		{FF9A802C-0709-4CBA-98E9-75B72ADB43D6}.Debug|Any CPU.Build.0 = Debug|Any CPU
		{FF9A802C-0709-4CBA-98E9-75B72ADB43D6}.Release|Any CPU.ActiveCfg = Release|Any CPU
		{FF9A802C-0709-4CBA-98E9-75B72ADB43D6}.Release|Any CPU.Build.0 = Release|Any CPU
	EndGlobalSection
	GlobalSection(SolutionProperties) = preSolution
		HideSolutionNode = FALSE
	EndGlobalSection
	GlobalSection(ExtensibilityGlobals) = postSolution
		SolutionGuid = {4FB739CC-7F65-4EC0-9AEB-AEBAE855143B}
	EndGlobalSection
EndGlobal
